
Microsoft Visual Studio Solution File, Format Version 12.00
# Visual Studio Version 17
VisualStudioVersion = 17.8.34408.163
MinimumVisualStudioVersion = 10.0.40219.1
Project("{9A19103F-16F7-4668-BE54-9A1E7A4F7556}") = "CRUD", "CRUD\CRUD.csproj", "{1682B831-C612-4BCE-AB28-21F72172C149}"
EndProject
Project("{2150E333-8FDC-42A3-9474-1A3956D46DE8}") = "Solution Items", "Solution Items", "{64A9673F-29A9-45BA-BF12-8FF0DEDFD62F}"
	ProjectSection(SolutionItems) = preProject
		.editorconfig = .editorconfig
	EndProjectSection
EndProject
Global
	GlobalSection(SolutionConfigurationPlatforms) = preSolution
		Debug|Any CPU = Debug|Any CPU
		Release|Any CPU = Release|Any CPU
	EndGlobalSection
	GlobalSection(ProjectConfigurationPlatforms) = postSolution
		{1682B831-C612-4BCE-AB28-21F72172C149}.Debug|Any CPU.ActiveCfg = Debug|Any CPU
		{1682B831-C612-4BCE-AB28-21F72172C149}.Debug|Any CPU.Build.0 = Debug|Any CPU
		{1682B831-C612-4BCE-AB28-21F72172C149}.Release|Any CPU.ActiveCfg = Release|Any CPU
		{1682B831-C612-4BCE-AB28-21F72172C149}.Release|Any CPU.Build.0 = Release|Any CPU
	EndGlobalSection
	GlobalSection(SolutionProperties) = preSolution
		HideSolutionNode = FALSE
	EndGlobalSection
	GlobalSection(ExtensibilityGlobals) = postSolution
		SolutionGuid = {0D7132F0-066E-4F8F-9B20-EC5C8CDCDF83}
	EndGlobalSection
EndGlobal
